PODS:
  - asymmetric_crypto_primitives (0.0.1):
    - Flutter
    - Sodium
  - Flutter (1.0.0)
  - Sodium (0.9.1)

DEPENDENCIES:
  - asymmetric_crypto_primitives (from `.symlinks/plugins/asymmetric_crypto_primitives/ios`)
  - Flutter (from `Flutter`)

SPEC REPOS:
  trunk:
    - Sodium

EXTERNAL SOURCES:
  asymmetric_crypto_primitives:
    :path: ".symlinks/plugins/asymmetric_crypto_primitives/ios"
  Flutter:
    :path: Flutter

SPEC CHECKSUMS:
  asymmetric_crypto_primitives: 65d3a1d7d856db470166250e1219aeea3353adb9
  Flutter: 50d75fe2f02b26cc09d224853bb45737f8b3214a
  Sodium: 23d11554ecd556196d313cf6130d406dfe7ac6da

PODFILE CHECKSUM: aafe91acc616949ddb318b77800a7f51bffa2a4c

COCOAPODS: 1.11.3
